// !$*UTF8*$!
{
	archiveVersion = 1;
	classes = {
	};
	objectVersion = 51;
	objects = {

/* Begin PBXBuildFile section */
		4B7FCD261D850842843A7240 /* Pods_Washing.framework in Frameworks */ = {isa = PBXBuildFile; fileRef = 6278AE141177FA760FDA72E3 /* Pods_Washing.framework */; };
		8ABA24CD52A5C748E6499BE1 /* Pods_WashingTests.framework in Frameworks */ = {isa = PBXBuildFile; fileRef = AA9A272608937C938539914C /* Pods_WashingTests.framework */; };
		B01DD36A256E13200058E652 /* UXKit.framework in Frameworks */ = {isa = PBXBuildFile; fileRef = B01DD369256E13200058E652 /* UXKit.framework */; };
		B01DD36C256E13200058E652 /* WSComponent.framework in Frameworks */ = {isa = PBXBuildFile; fileRef = B01DD36B256E13200058E652 /* WSComponent.framework */; };
		B01DD36F256E135C0058E652 /* UIColor+Washing.m in Sources */ = {isa = PBXBuildFile; fileRef = B01DD36E256E135C0058E652 /* UIColor+Washing.m */; };
		B066C42B256B78D1004FE92A /* WSBaseViewController.m in Sources */ = {isa = PBXBuildFile; fileRef = B066C42A256B78D1004FE92A /* WSBaseViewController.m */; };
		B074F7F92577CF44006DF8D7 /* WSColorPalettes.m in Sources */ = {isa = PBXBuildFile; fileRef = B074F7F82577CF44006DF8D7 /* WSColorPalettes.m */; };
		B074F7FD2577D0B3006DF8D7 /* NSDictionary+Extension.m in Sources */ = {isa = PBXBuildFile; fileRef = B074F7FC2577D0B3006DF8D7 /* NSDictionary+Extension.m */; };
		B074F8002577D317006DF8D7 /* WSElementColors.m in Sources */ = {isa = PBXBuildFile; fileRef = B074F7FF2577D317006DF8D7 /* WSElementColors.m */; };
		B074F8062577D46B006DF8D7 /* WSElementColors+Color.m in Sources */ = {isa = PBXBuildFile; fileRef = B074F8052577D46B006DF8D7 /* WSElementColors+Color.m */; };
		B074F80A2577DC35006DF8D7 /* ColorJsonified.m in Sources */ = {isa = PBXBuildFile; fileRef = B074F8092577DC35006DF8D7 /* ColorJsonified.m */; };
		B0A3D292256B58D70018D151 /* AppDelegate.m in Sources */ = {isa = PBXBuildFile; fileRef = B0A3D291256B58D70018D151 /* AppDelegate.m */; };
		B0A3D295256B58D70018D151 /* SceneDelegate.m in Sources */ = {isa = PBXBuildFile; fileRef = B0A3D294256B58D70018D151 /* SceneDelegate.m */; };
		B0A3D298256B58D70018D151 /* ViewController.m in Sources */ = {isa = PBXBuildFile; fileRef = B0A3D297256B58D70018D151 /* ViewController.m */; };
		B0A3D29B256B58D70018D151 /* Main.storyboard in Resources */ = {isa = PBXBuildFile; fileRef = B0A3D299256B58D70018D151 /* Main.storyboard */; };
		B0A3D29D256B58DF0018D151 /* Assets.xcassets in Resources */ = {isa = PBXBuildFile; fileRef = B0A3D29C256B58DF0018D151 /* Assets.xcassets */; };
		B0A3D2A0256B58DF0018D151 /* LaunchScreen.storyboard in Resources */ = {isa = PBXBuildFile; fileRef = B0A3D29E256B58DF0018D151 /* LaunchScreen.storyboard */; };
		B0A3D2A3256B58DF0018D151 /* main.m in Sources */ = {isa = PBXBuildFile; fileRef = B0A3D2A2256B58DF0018D151 /* main.m */; };
		B0A3D2AD256B58DF0018D151 /* WashingTests.m in Sources */ = {isa = PBXBuildFile; fileRef = B0A3D2AC256B58DF0018D151 /* WashingTests.m */; };
		B0A3D2B8256B58DF0018D151 /* WashingUITests.m in Sources */ = {isa = PBXBuildFile; fileRef = B0A3D2B7256B58DF0018D151 /* WashingUITests.m */; };
		B0BC8122256B5E2100A81CF5 /* WSWindowManager.m in Sources */ = {isa = PBXBuildFile; fileRef = B0BC8121256B5E2100A81CF5 /* WSWindowManager.m */; };
		B0BC8125256B618B00A81CF5 /* WSWindow.m in Sources */ = {isa = PBXBuildFile; fileRef = B0BC8124256B618B00A81CF5 /* WSWindow.m */; };
		C03CC80FBD4DCB63E24A47A8 /* Pods_Washing_WashingUITests.framework in Frameworks */ = {isa = PBXBuildFile; fileRef = 5C4B04B4CDC142D41C2AD655 /* Pods_Washing_WashingUITests.framework */; };
/* End PBXBuildFile section */

/* Begin PBXContainerItemProxy section */
		B0A3D2A9256B58DF0018D151 /* PBXContainerItemProxy */ = {
			isa = PBXContainerItemProxy;
			containerPortal = B0A3D285256B58D70018D151 /* Project object */;
			proxyType = 1;
			remoteGlobalIDString = B0A3D28C256B58D70018D151;
			remoteInfo = Washing;
		};
		B0A3D2B4256B58DF0018D151 /* PBXContainerItemProxy */ = {
			isa = PBXContainerItemProxy;
			containerPortal = B0A3D285256B58D70018D151 /* Project object */;
			proxyType = 1;
			remoteGlobalIDString = B0A3D28C256B58D70018D151;
			remoteInfo = Washing;
		};
/* End PBXContainerItemProxy section */

/* Begin PBXFileReference section */
		0ACBA56FC0560A69A942BE47 /* Pods-Washing.debug.xcconfig */ = {isa = PBXFileReference; includeInIndex = 1; lastKnownFileType = text.xcconfig; name = "Pods-Washing.debug.xcconfig"; path = "Target Support Files/Pods-Washing/Pods-Washing.debug.xcconfig"; sourceTree = "<group>"; };
		3F1250CC03AE120E885A207A /* Pods-Washing-WashingUITests.debug.xcconfig */ = {isa = PBXFileReference; includeInIndex = 1; lastKnownFileType = text.xcconfig; name = "Pods-Washing-WashingUITests.debug.xcconfig"; path = "Target Support Files/Pods-Washing-WashingUITests/Pods-Washing-WashingUITests.debug.xcconfig"; sourceTree = "<group>"; };
		55E00271AEB395BF0A00AAE3 /* Pods-Washing-WashingUITests.release.xcconfig */ = {isa = PBXFileReference; includeInIndex = 1; lastKnownFileType = text.xcconfig; name = "Pods-Washing-WashingUITests.release.xcconfig"; path = "Target Support Files/Pods-Washing-WashingUITests/Pods-Washing-WashingUITests.release.xcconfig"; sourceTree = "<group>"; };
		5C4B04B4CDC142D41C2AD655 /* Pods_Washing_WashingUITests.framework */ = {isa = PBXFileReference; explicitFileType = wrapper.framework; includeInIndex = 0; path = Pods_Washing_WashingUITests.framework; sourceTree = BUILT_PRODUCTS_DIR; };
		6278AE141177FA760FDA72E3 /* Pods_Washing.framework */ = {isa = PBXFileReference; explicitFileType = wrapper.framework; includeInIndex = 0; path = Pods_Washing.framework; sourceTree = BUILT_PRODUCTS_DIR; };
		762BA68AF8F4B0D3D7E05FD8 /* Pods-WashingTests.release.xcconfig */ = {isa = PBXFileReference; includeInIndex = 1; lastKnownFileType = text.xcconfig; name = "Pods-WashingTests.release.xcconfig"; path = "Target Support Files/Pods-WashingTests/Pods-WashingTests.release.xcconfig"; sourceTree = "<group>"; };
		8798AC09CA272098CBE10AC8 /* Pods-Washing.release.xcconfig */ = {isa = PBXFileReference; includeInIndex = 1; lastKnownFileType = text.xcconfig; name = "Pods-Washing.release.xcconfig"; path = "Target Support Files/Pods-Washing/Pods-Washing.release.xcconfig"; sourceTree = "<group>"; };
		891A20ED8396BF3FEFAC2E08 /* Pods-WashingTests.debug.xcconfig */ = {isa = PBXFileReference; includeInIndex = 1; lastKnownFileType = text.xcconfig; name = "Pods-WashingTests.debug.xcconfig"; path = "Target Support Files/Pods-WashingTests/Pods-WashingTests.debug.xcconfig"; sourceTree = "<group>"; };
		AA9A272608937C938539914C /* Pods_WashingTests.framework */ = {isa = PBXFileReference; explicitFileType = wrapper.framework; includeInIndex = 0; path = Pods_WashingTests.framework; sourceTree = BUILT_PRODUCTS_DIR; };
		B01DD369256E13200058E652 /* UXKit.framework */ = {isa = PBXFileReference; explicitFileType = wrapper.framework; path = UXKit.framework; sourceTree = BUILT_PRODUCTS_DIR; };
		B01DD36B256E13200058E652 /* WSComponent.framework */ = {isa = PBXFileReference; explicitFileType = wrapper.framework; path = WSComponent.framework; sourceTree = BUILT_PRODUCTS_DIR; };
		B01DD36D256E135C0058E652 /* UIColor+Washing.h */ = {isa = PBXFileReference; lastKnownFileType = sourcecode.c.h; path = "UIColor+Washing.h"; sourceTree = "<group>"; };
		B01DD36E256E135C0058E652 /* UIColor+Washing.m */ = {isa = PBXFileReference; lastKnownFileType = sourcecode.c.objc; path = "UIColor+Washing.m"; sourceTree = "<group>"; };
		B066C429256B78D1004FE92A /* WSBaseViewController.h */ = {isa = PBXFileReference; lastKnownFileType = sourcecode.c.h; path = WSBaseViewController.h; sourceTree = "<group>"; };
		B066C42A256B78D1004FE92A /* WSBaseViewController.m */ = {isa = PBXFileReference; lastKnownFileType = sourcecode.c.objc; path = WSBaseViewController.m; sourceTree = "<group>"; };
		B074F7F72577CF44006DF8D7 /* WSColorPalettes.h */ = {isa = PBXFileReference; lastKnownFileType = sourcecode.c.h; path = WSColorPalettes.h; sourceTree = "<group>"; };
		B074F7F82577CF44006DF8D7 /* WSColorPalettes.m */ = {isa = PBXFileReference; lastKnownFileType = sourcecode.c.objc; path = WSColorPalettes.m; sourceTree = "<group>"; };
		B074F7FB2577D0B3006DF8D7 /* NSDictionary+Extension.h */ = {isa = PBXFileReference; lastKnownFileType = sourcecode.c.h; path = "NSDictionary+Extension.h"; sourceTree = "<group>"; };
		B074F7FC2577D0B3006DF8D7 /* NSDictionary+Extension.m */ = {isa = PBXFileReference; lastKnownFileType = sourcecode.c.objc; path = "NSDictionary+Extension.m"; sourceTree = "<group>"; };
		B074F7FE2577D317006DF8D7 /* WSElementColors.h */ = {isa = PBXFileReference; lastKnownFileType = sourcecode.c.h; path = WSElementColors.h; sourceTree = "<group>"; };
		B074F7FF2577D317006DF8D7 /* WSElementColors.m */ = {isa = PBXFileReference; lastKnownFileType = sourcecode.c.objc; path = WSElementColors.m; sourceTree = "<group>"; };
		B074F8012577D423006DF8D7 /* WSElementColors+Private.h */ = {isa = PBXFileReference; lastKnownFileType = sourcecode.c.h; path = "WSElementColors+Private.h"; sourceTree = "<group>"; };
		B074F8042577D46B006DF8D7 /* WSElementColors+Color.h */ = {isa = PBXFileReference; lastKnownFileType = sourcecode.c.h; path = "WSElementColors+Color.h"; sourceTree = "<group>"; };
		B074F8052577D46B006DF8D7 /* WSElementColors+Color.m */ = {isa = PBXFileReference; lastKnownFileType = sourcecode.c.objc; path = "WSElementColors+Color.m"; sourceTree = "<group>"; };
		B074F8082577DC35006DF8D7 /* ColorJsonified.h */ = {isa = PBXFileReference; fileEncoding = 4; lastKnownFileType = sourcecode.c.h; path = ColorJsonified.h; sourceTree = "<group>"; };
		B074F8092577DC35006DF8D7 /* ColorJsonified.m */ = {isa = PBXFileReference; fileEncoding = 4; lastKnownFileType = sourcecode.c.objc; path = ColorJsonified.m; sourceTree = "<group>"; };
		B0A3D28D256B58D70018D151 /* Washing.app */ = {isa = PBXFileReference; explicitFileType = wrapper.application; includeInIndex = 0; path = Washing.app; sourceTree = BUILT_PRODUCTS_DIR; };
		B0A3D290256B58D70018D151 /* AppDelegate.h */ = {isa = PBXFileReference; lastKnownFileType = sourcecode.c.h; path = AppDelegate.h; sourceTree = "<group>"; };
		B0A3D291256B58D70018D151 /* AppDelegate.m */ = {isa = PBXFileReference; lastKnownFileType = sourcecode.c.objc; path = AppDelegate.m; sourceTree = "<group>"; };
		B0A3D293256B58D70018D151 /* SceneDelegate.h */ = {isa = PBXFileReference; lastKnownFileType = sourcecode.c.h; path = SceneDelegate.h; sourceTree = "<group>"; };
		B0A3D294256B58D70018D151 /* SceneDelegate.m */ = {isa = PBXFileReference; lastKnownFileType = sourcecode.c.objc; path = SceneDelegate.m; sourceTree = "<group>"; };
		B0A3D296256B58D70018D151 /* ViewController.h */ = {isa = PBXFileReference; lastKnownFileType = sourcecode.c.h; path = ViewController.h; sourceTree = "<group>"; };
		B0A3D297256B58D70018D151 /* ViewController.m */ = {isa = PBXFileReference; lastKnownFileType = sourcecode.c.objc; path = ViewController.m; sourceTree = "<group>"; };
		B0A3D29A256B58D70018D151 /* Base */ = {isa = PBXFileReference; lastKnownFileType = file.storyboard; name = Base; path = Base.lproj/Main.storyboard; sourceTree = "<group>"; };
		B0A3D29C256B58DF0018D151 /* Assets.xcassets */ = {isa = PBXFileReference; lastKnownFileType = folder.assetcatalog; path = Assets.xcassets; sourceTree = "<group>"; };
		B0A3D29F256B58DF0018D151 /* Base */ = {isa = PBXFileReference; lastKnownFileType = file.storyboard; name = Base; path = Base.lproj/LaunchScreen.storyboard; sourceTree = "<group>"; };
		B0A3D2A1256B58DF0018D151 /* Info.plist */ = {isa = PBXFileReference; lastKnownFileType = text.plist.xml; path = Info.plist; sourceTree = "<group>"; };
		B0A3D2A2256B58DF0018D151 /* main.m */ = {isa = PBXFileReference; lastKnownFileType = sourcecode.c.objc; path = main.m; sourceTree = "<group>"; };
		B0A3D2A8256B58DF0018D151 /* WashingTests.xctest */ = {isa = PBXFileReference; explicitFileType = wrapper.cfbundle; includeInIndex = 0; path = WashingTests.xctest; sourceTree = BUILT_PRODUCTS_DIR; };
		B0A3D2AC256B58DF0018D151 /* WashingTests.m */ = {isa = PBXFileReference; lastKnownFileType = sourcecode.c.objc; path = WashingTests.m; sourceTree = "<group>"; };
		B0A3D2AE256B58DF0018D151 /* Info.plist */ = {isa = PBXFileReference; lastKnownFileType = text.plist.xml; path = Info.plist; sourceTree = "<group>"; };
		B0A3D2B3256B58DF0018D151 /* WashingUITests.xctest */ = {isa = PBXFileReference; explicitFileType = wrapper.cfbundle; includeInIndex = 0; path = WashingUITests.xctest; sourceTree = BUILT_PRODUCTS_DIR; };
		B0A3D2B7256B58DF0018D151 /* WashingUITests.m */ = {isa = PBXFileReference; lastKnownFileType = sourcecode.c.objc; path = WashingUITests.m; sourceTree = "<group>"; };
		B0A3D2B9256B58DF0018D151 /* Info.plist */ = {isa = PBXFileReference; lastKnownFileType = text.plist.xml; path = Info.plist; sourceTree = "<group>"; };
		B0BC8120256B5E2100A81CF5 /* WSWindowManager.h */ = {isa = PBXFileReference; lastKnownFileType = sourcecode.c.h; path = WSWindowManager.h; sourceTree = "<group>"; };
		B0BC8121256B5E2100A81CF5 /* WSWindowManager.m */ = {isa = PBXFileReference; lastKnownFileType = sourcecode.c.objc; path = WSWindowManager.m; sourceTree = "<group>"; };
		B0BC8123256B618B00A81CF5 /* WSWindow.h */ = {isa = PBXFileReference; lastKnownFileType = sourcecode.c.h; path = WSWindow.h; sourceTree = "<group>"; };
		B0BC8124256B618B00A81CF5 /* WSWindow.m */ = {isa = PBXFileReference; lastKnownFileType = sourcecode.c.objc; path = WSWindow.m; sourceTree = "<group>"; };
		B0BC8127256B61AA00A81CF5 /* WSMacros.h */ = {isa = PBXFileReference; lastKnownFileType = sourcecode.c.h; path = WSMacros.h; sourceTree = "<group>"; };
/* End PBXFileReference section */

/* Begin PBXFrameworksBuildPhase section */
		B0A3D28A256B58D70018D151 /* Frameworks */ = {
			isa = PBXFrameworksBuildPhase;
			buildActionMask = 2147483647;
			files = (
				B01DD36A256E13200058E652 /* UXKit.framework in Frameworks */,
				B01DD36C256E13200058E652 /* WSComponent.framework in Frameworks */,
				4B7FCD261D850842843A7240 /* Pods_Washing.framework in Frameworks */,
			);
			runOnlyForDeploymentPostprocessing = 0;
		};
		B0A3D2A5256B58DF0018D151 /* Frameworks */ = {
			isa = PBXFrameworksBuildPhase;
			buildActionMask = 2147483647;
			files = (
				8ABA24CD52A5C748E6499BE1 /* Pods_WashingTests.framework in Frameworks */,
			);
			runOnlyForDeploymentPostprocessing = 0;
		};
		B0A3D2B0256B58DF0018D151 /* Frameworks */ = {
			isa = PBXFrameworksBuildPhase;
			buildActionMask = 2147483647;
			files = (
				C03CC80FBD4DCB63E24A47A8 /* Pods_Washing_WashingUITests.framework in Frameworks */,
			);
			runOnlyForDeploymentPostprocessing = 0;
		};
/* End PBXFrameworksBuildPhase section */

/* Begin PBXGroup section */
		B01DD368256E13030058E652 /* Color */ = {
			isa = PBXGroup;
			children = (
				B074F8082577DC35006DF8D7 /* ColorJsonified.h */,
				B074F8092577DC35006DF8D7 /* ColorJsonified.m */,
				B01DD36D256E135C0058E652 /* UIColor+Washing.h */,
				B01DD36E256E135C0058E652 /* UIColor+Washing.m */,
				B074F7F72577CF44006DF8D7 /* WSColorPalettes.h */,
				B074F7F82577CF44006DF8D7 /* WSColorPalettes.m */,
				B074F7FE2577D317006DF8D7 /* WSElementColors.h */,
				B074F8012577D423006DF8D7 /* WSElementColors+Private.h */,
				B074F7FF2577D317006DF8D7 /* WSElementColors.m */,
				B074F8042577D46B006DF8D7 /* WSElementColors+Color.h */,
				B074F8052577D46B006DF8D7 /* WSElementColors+Color.m */,
			);
			path = Color;
			sourceTree = "<group>";
		};
		B066C423256B75FB004FE92A /* Bussiness */ = {
			isa = PBXGroup;
			children = (
			);
			path = Bussiness;
			sourceTree = "<group>";
		};
		B066C428256B78C0004FE92A /* ViewController */ = {
			isa = PBXGroup;
			children = (
				B066C429256B78D1004FE92A /* WSBaseViewController.h */,
				B066C42A256B78D1004FE92A /* WSBaseViewController.m */,
			);
			path = ViewController;
			sourceTree = "<group>";
		};
		B074F7FA2577D0A2006DF8D7 /* ExtensionUtils */ = {
			isa = PBXGroup;
			children = (
				B074F7FB2577D0B3006DF8D7 /* NSDictionary+Extension.h */,
				B074F7FC2577D0B3006DF8D7 /* NSDictionary+Extension.m */,
			);
			path = ExtensionUtils;
			sourceTree = "<group>";
		};
		B0A3D284256B58D70018D151 = {
			isa = PBXGroup;
			children = (
				B0A3D28F256B58D70018D151 /* Washing */,
				B0A3D2AB256B58DF0018D151 /* WashingTests */,
				B0A3D2B6256B58DF0018D151 /* WashingUITests */,
				B0A3D28E256B58D70018D151 /* Products */,
				F1662184A173D1B91C7D8204 /* Pods */,
				EDCA6108517C6D9717782E90 /* Frameworks */,
			);
			sourceTree = "<group>";
		};
		B0A3D28E256B58D70018D151 /* Products */ = {
			isa = PBXGroup;
			children = (
				B0A3D28D256B58D70018D151 /* Washing.app */,
				B0A3D2A8256B58DF0018D151 /* WashingTests.xctest */,
				B0A3D2B3256B58DF0018D151 /* WashingUITests.xctest */,
			);
			name = Products;
			sourceTree = "<group>";
		};
		B0A3D28F256B58D70018D151 /* Washing */ = {
			isa = PBXGroup;
			children = (
				B074F7FA2577D0A2006DF8D7 /* ExtensionUtils */,
				B01DD368256E13030058E652 /* Color */,
				B066C423256B75FB004FE92A /* Bussiness */,
				B0BC811D256B5DBF00A81CF5 /* Core */,
				B0A3D290256B58D70018D151 /* AppDelegate.h */,
				B0A3D291256B58D70018D151 /* AppDelegate.m */,
				B0A3D293256B58D70018D151 /* SceneDelegate.h */,
				B0A3D294256B58D70018D151 /* SceneDelegate.m */,
				B0A3D296256B58D70018D151 /* ViewController.h */,
				B0A3D297256B58D70018D151 /* ViewController.m */,
				B0A3D299256B58D70018D151 /* Main.storyboard */,
				B0A3D29C256B58DF0018D151 /* Assets.xcassets */,
				B0A3D29E256B58DF0018D151 /* LaunchScreen.storyboard */,
				B0A3D2A1256B58DF0018D151 /* Info.plist */,
				B0A3D2A2256B58DF0018D151 /* main.m */,
			);
			path = Washing;
			sourceTree = "<group>";
		};
		B0A3D2AB256B58DF0018D151 /* WashingTests */ = {
			isa = PBXGroup;
			children = (
				B0A3D2AC256B58DF0018D151 /* WashingTests.m */,
				B0A3D2AE256B58DF0018D151 /* Info.plist */,
			);
			path = WashingTests;
			sourceTree = "<group>";
		};
		B0A3D2B6256B58DF0018D151 /* WashingUITests */ = {
			isa = PBXGroup;
			children = (
				B0A3D2B7256B58DF0018D151 /* WashingUITests.m */,
				B0A3D2B9256B58DF0018D151 /* Info.plist */,
			);
			path = WashingUITests;
			sourceTree = "<group>";
		};
		B0BC811D256B5DBF00A81CF5 /* Core */ = {
			isa = PBXGroup;
			children = (
				B0BC8126256B619A00A81CF5 /* Macros */,
				B0BC811E256B5DD200A81CF5 /* UI */,
			);
			path = Core;
			sourceTree = "<group>";
		};
		B0BC811E256B5DD200A81CF5 /* UI */ = {
			isa = PBXGroup;
			children = (
				B066C428256B78C0004FE92A /* ViewController */,
				B0BC811F256B5DDC00A81CF5 /* Windows */,
			);
			path = UI;
			sourceTree = "<group>";
		};
		B0BC811F256B5DDC00A81CF5 /* Windows */ = {
			isa = PBXGroup;
			children = (
				B0BC8120256B5E2100A81CF5 /* WSWindowManager.h */,
				B0BC8121256B5E2100A81CF5 /* WSWindowManager.m */,
				B0BC8123256B618B00A81CF5 /* WSWindow.h */,
				B0BC8124256B618B00A81CF5 /* WSWindow.m */,
			);
			path = Windows;
			sourceTree = "<group>";
		};
		B0BC8126256B619A00A81CF5 /* Macros */ = {
			isa = PBXGroup;
			children = (
				B0BC8127256B61AA00A81CF5 /* WSMacros.h */,
			);
			path = Macros;
			sourceTree = "<group>";
		};
		EDCA6108517C6D9717782E90 /* Frameworks */ = {
			isa = PBXGroup;
			children = (
				B01DD369256E13200058E652 /* UXKit.framework */,
				B01DD36B256E13200058E652 /* WSComponent.framework */,
				6278AE141177FA760FDA72E3 /* Pods_Washing.framework */,
				5C4B04B4CDC142D41C2AD655 /* Pods_Washing_WashingUITests.framework */,
				AA9A272608937C938539914C /* Pods_WashingTests.framework */,
			);
			name = Frameworks;
			sourceTree = "<group>";
		};
		F1662184A173D1B91C7D8204 /* Pods */ = {
			isa = PBXGroup;
			children = (
				0ACBA56FC0560A69A942BE47 /* Pods-Washing.debug.xcconfig */,
				8798AC09CA272098CBE10AC8 /* Pods-Washing.release.xcconfig */,
				3F1250CC03AE120E885A207A /* Pods-Washing-WashingUITests.debug.xcconfig */,
				55E00271AEB395BF0A00AAE3 /* Pods-Washing-WashingUITests.release.xcconfig */,
				891A20ED8396BF3FEFAC2E08 /* Pods-WashingTests.debug.xcconfig */,
				762BA68AF8F4B0D3D7E05FD8 /* Pods-WashingTests.release.xcconfig */,
			);
			path = Pods;
			sourceTree = "<group>";
		};
/* End PBXGroup section */

/* Begin PBXNativeTarget section */
		B0A3D28C256B58D70018D151 /* Washing */ = {
			isa = PBXNativeTarget;
			buildConfigurationList = B0A3D2BC256B58DF0018D151 /* Build configuration list for PBXNativeTarget "Washing" */;
			buildPhases = (
				31034FF6FFD23D5FAD7B550F /* [CP] Check Pods Manifest.lock */,
				B0A3D289256B58D70018D151 /* Sources */,
				B0A3D28A256B58D70018D151 /* Frameworks */,
				B0A3D28B256B58D70018D151 /* Resources */,
				0F4989B636154550BDE1FAF7 /* [CP] Embed Pods Frameworks */,
			);
			buildRules = (
			);
			dependencies = (
			);
			name = Washing;
			productName = Washing;
			productReference = B0A3D28D256B58D70018D151 /* Washing.app */;
			productType = "com.apple.product-type.application";
		};
		B0A3D2A7256B58DF0018D151 /* WashingTests */ = {
			isa = PBXNativeTarget;
			buildConfigurationList = B0A3D2BF256B58DF0018D151 /* Build configuration list for PBXNativeTarget "WashingTests" */;
			buildPhases = (
				313B5DE4CD3A2F354B984DDC /* [CP] Check Pods Manifest.lock */,
				B0A3D2A4256B58DF0018D151 /* Sources */,
				B0A3D2A5256B58DF0018D151 /* Frameworks */,
				B0A3D2A6256B58DF0018D151 /* Resources */,
			);
			buildRules = (
			);
			dependencies = (
				B0A3D2AA256B58DF0018D151 /* PBXTargetDependency */,
			);
			name = WashingTests;
			productName = WashingTests;
			productReference = B0A3D2A8256B58DF0018D151 /* WashingTests.xctest */;
			productType = "com.apple.product-type.bundle.unit-test";
		};
		B0A3D2B2256B58DF0018D151 /* WashingUITests */ = {
			isa = PBXNativeTarget;
			buildConfigurationList = B0A3D2C2256B58DF0018D151 /* Build configuration list for PBXNativeTarget "WashingUITests" */;
			buildPhases = (
				3860B1469AF8C88C114A9C14 /* [CP] Check Pods Manifest.lock */,
				B0A3D2AF256B58DF0018D151 /* Sources */,
				B0A3D2B0256B58DF0018D151 /* Frameworks */,
				B0A3D2B1256B58DF0018D151 /* Resources */,
				1ECEA4250E70410EA19B923B /* [CP] Embed Pods Frameworks */,
			);
			buildRules = (
			);
			dependencies = (
				B0A3D2B5256B58DF0018D151 /* PBXTargetDependency */,
			);
			name = WashingUITests;
			productName = WashingUITests;
			productReference = B0A3D2B3256B58DF0018D151 /* WashingUITests.xctest */;
			productType = "com.apple.product-type.bundle.ui-testing";
		};
/* End PBXNativeTarget section */

/* Begin PBXProject section */
		B0A3D285256B58D70018D151 /* Project object */ = {
			isa = PBXProject;
			attributes = {
				LastUpgradeCheck = 1150;
				ORGANIZATIONNAME = QuocTuyen;
				TargetAttributes = {
					B0A3D28C256B58D70018D151 = {
						CreatedOnToolsVersion = 11.5;
					};
					B0A3D2A7256B58DF0018D151 = {
						CreatedOnToolsVersion = 11.5;
						TestTargetID = B0A3D28C256B58D70018D151;
					};
					B0A3D2B2256B58DF0018D151 = {
						CreatedOnToolsVersion = 11.5;
						TestTargetID = B0A3D28C256B58D70018D151;
					};
				};
			};
			buildConfigurationList = B0A3D288256B58D70018D151 /* Build configuration list for PBXProject "Washing" */;
			compatibilityVersion = "Xcode 9.3";
			developmentRegion = en;
			hasScannedForEncodings = 0;
			knownRegions = (
				en,
				Base,
			);
			mainGroup = B0A3D284256B58D70018D151;
			productRefGroup = B0A3D28E256B58D70018D151 /* Products */;
			projectDirPath = "";
			projectRoot = "";
			targets = (
				B0A3D28C256B58D70018D151 /* Washing */,
				B0A3D2A7256B58DF0018D151 /* WashingTests */,
				B0A3D2B2256B58DF0018D151 /* WashingUITests */,
			);
		};
/* End PBXProject section */

/* Begin PBXResourcesBuildPhase section */
		B0A3D28B256B58D70018D151 /* Resources */ = {
			isa = PBXResourcesBuildPhase;
			buildActionMask = 2147483647;
			files = (
				B0A3D2A0256B58DF0018D151 /* LaunchScreen.storyboard in Resources */,
				B0A3D29D256B58DF0018D151 /* Assets.xcassets in Resources */,
				B0A3D29B256B58D70018D151 /* Main.storyboard in Resources */,
			);
			runOnlyForDeploymentPostprocessing = 0;
		};
		B0A3D2A6256B58DF0018D151 /* Resources */ = {
			isa = PBXResourcesBuildPhase;
			buildActionMask = 2147483647;
			files = (
			);
			runOnlyForDeploymentPostprocessing = 0;
		};
		B0A3D2B1256B58DF0018D151 /* Resources */ = {
			isa = PBXResourcesBuildPhase;
			buildActionMask = 2147483647;
			files = (
			);
			runOnlyForDeploymentPostprocessing = 0;
		};
/* End PBXResourcesBuildPhase section */

/* Begin PBXShellScriptBuildPhase section */
		0F4989B636154550BDE1FAF7 /* [CP] Embed Pods Frameworks */ = {
			isa = PBXShellScriptBuildPhase;
			buildActionMask = 2147483647;
			files = (
			);
			inputFileListPaths = (
				"${PODS_ROOT}/Target Support Files/Pods-Washing/Pods-Washing-frameworks-${CONFIGURATION}-input-files.xcfilelist",
			);
			name = "[CP] Embed Pods Frameworks";
			outputFileListPaths = (
				"${PODS_ROOT}/Target Support Files/Pods-Washing/Pods-Washing-frameworks-${CONFIGURATION}-output-files.xcfilelist",
			);
			runOnlyForDeploymentPostprocessing = 0;
			shellPath = /bin/sh;
			shellScript = "\"${PODS_ROOT}/Target Support Files/Pods-Washing/Pods-Washing-frameworks.sh\"\n";
			showEnvVarsInLog = 0;
		};
		1ECEA4250E70410EA19B923B /* [CP] Embed Pods Frameworks */ = {
			isa = PBXShellScriptBuildPhase;
			buildActionMask = 2147483647;
			files = (
			);
			inputFileListPaths = (
				"${PODS_ROOT}/Target Support Files/Pods-Washing-WashingUITests/Pods-Washing-WashingUITests-frameworks-${CONFIGURATION}-input-files.xcfilelist",
			);
			name = "[CP] Embed Pods Frameworks";
			outputFileListPaths = (
				"${PODS_ROOT}/Target Support Files/Pods-Washing-WashingUITests/Pods-Washing-WashingUITests-frameworks-${CONFIGURATION}-output-files.xcfilelist",
			);
			runOnlyForDeploymentPostprocessing = 0;
			shellPath = /bin/sh;
			shellScript = "\"${PODS_ROOT}/Target Support Files/Pods-Washing-WashingUITests/Pods-Washing-WashingUITests-frameworks.sh\"\n";
			showEnvVarsInLog = 0;
		};
		31034FF6FFD23D5FAD7B550F /* [CP] Check Pods Manifest.lock */ = {
			isa = PBXShellScriptBuildPhase;
			buildActionMask = 2147483647;
			files = (
			);
			inputFileListPaths = (
			);
			inputPaths = (
				"${PODS_PODFILE_DIR_PATH}/Podfile.lock",
				"${PODS_ROOT}/Manifest.lock",
			);
			name = "[CP] Check Pods Manifest.lock";
			outputFileListPaths = (
			);
			outputPaths = (
				"$(DERIVED_FILE_DIR)/Pods-Washing-checkManifestLockResult.txt",
			);
			runOnlyForDeploymentPostprocessing = 0;
			shellPath = /bin/sh;
			shellScript = "diff \"${PODS_PODFILE_DIR_PATH}/Podfile.lock\" \"${PODS_ROOT}/Manifest.lock\" > /dev/null\nif [ $? != 0 ] ; then\n    # print error to STDERR\n    echo \"error: The sandbox is not in sync with the Podfile.lock. Run 'pod install' or update your CocoaPods installation.\" >&2\n    exit 1\nfi\n# This output is used by Xcode 'outputs' to avoid re-running this script phase.\necho \"SUCCESS\" > \"${SCRIPT_OUTPUT_FILE_0}\"\n";
			showEnvVarsInLog = 0;
		};
		313B5DE4CD3A2F354B984DDC /* [CP] Check Pods Manifest.lock */ = {
			isa = PBXShellScriptBuildPhase;
			buildActionMask = 2147483647;
			files = (
			);
			inputFileListPaths = (
			);
			inputPaths = (
				"${PODS_PODFILE_DIR_PATH}/Podfile.lock",
				"${PODS_ROOT}/Manifest.lock",
			);
			name = "[CP] Check Pods Manifest.lock";
			outputFileListPaths = (
			);
			outputPaths = (
				"$(DERIVED_FILE_DIR)/Pods-WashingTests-checkManifestLockResult.txt",
			);
			runOnlyForDeploymentPostprocessing = 0;
			shellPath = /bin/sh;
			shellScript = "diff \"${PODS_PODFILE_DIR_PATH}/Podfile.lock\" \"${PODS_ROOT}/Manifest.lock\" > /dev/null\nif [ $? != 0 ] ; then\n    # print error to STDERR\n    echo \"error: The sandbox is not in sync with the Podfile.lock. Run 'pod install' or update your CocoaPods installation.\" >&2\n    exit 1\nfi\n# This output is used by Xcode 'outputs' to avoid re-running this script phase.\necho \"SUCCESS\" > \"${SCRIPT_OUTPUT_FILE_0}\"\n";
			showEnvVarsInLog = 0;
		};
		3860B1469AF8C88C114A9C14 /* [CP] Check Pods Manifest.lock */ = {
			isa = PBXShellScriptBuildPhase;
			buildActionMask = 2147483647;
			files = (
			);
			inputFileListPaths = (
			);
			inputPaths = (
				"${PODS_PODFILE_DIR_PATH}/Podfile.lock",
				"${PODS_ROOT}/Manifest.lock",
			);
			name = "[CP] Check Pods Manifest.lock";
			outputFileListPaths = (
			);
			outputPaths = (
				"$(DERIVED_FILE_DIR)/Pods-Washing-WashingUITests-checkManifestLockResult.txt",
			);
			runOnlyForDeploymentPostprocessing = 0;
			shellPath = /bin/sh;
			shellScript = "diff \"${PODS_PODFILE_DIR_PATH}/Podfile.lock\" \"${PODS_ROOT}/Manifest.lock\" > /dev/null\nif [ $? != 0 ] ; then\n    # print error to STDERR\n    echo \"error: The sandbox is not in sync with the Podfile.lock. Run 'pod install' or update your CocoaPods installation.\" >&2\n    exit 1\nfi\n# This output is used by Xcode 'outputs' to avoid re-running this script phase.\necho \"SUCCESS\" > \"${SCRIPT_OUTPUT_FILE_0}\"\n";
			showEnvVarsInLog = 0;
		};
/* End PBXShellScriptBuildPhase section */

/* Begin PBXSourcesBuildPhase section */
		B0A3D289256B58D70018D151 /* Sources */ = {
			isa = PBXSourcesBuildPhase;
			buildActionMask = 2147483647;
			files = (
				B074F7FD2577D0B3006DF8D7 /* NSDictionary+Extension.m in Sources */,
				B0A3D298256B58D70018D151 /* ViewController.m in Sources */,
				B0A3D292256B58D70018D151 /* AppDelegate.m in Sources */,
				B066C42B256B78D1004FE92A /* WSBaseViewController.m in Sources */,
				B0BC8122256B5E2100A81CF5 /* WSWindowManager.m in Sources */,
				B074F8002577D317006DF8D7 /* WSElementColors.m in Sources */,
				B074F8062577D46B006DF8D7 /* WSElementColors+Color.m in Sources */,
				B0A3D2A3256B58DF0018D151 /* main.m in Sources */,
				B01DD36F256E135C0058E652 /* UIColor+Washing.m in Sources */,
				B074F7F92577CF44006DF8D7 /* WSColorPalettes.m in Sources */,
				B0A3D295256B58D70018D151 /* SceneDelegate.m in Sources */,
				B074F80A2577DC35006DF8D7 /* ColorJsonified.m in Sources */,
				B0BC8125256B618B00A81CF5 /* WSWindow.m in Sources */,
			);
			runOnlyForDeploymentPostprocessing = 0;
		};
		B0A3D2A4256B58DF0018D151 /* Sources */ = {
			isa = PBXSourcesBuildPhase;
			buildActionMask = 2147483647;
			files = (
				B0A3D2AD256B58DF0018D151 /* WashingTests.m in Sources */,
			);
			runOnlyForDeploymentPostprocessing = 0;
		};
		B0A3D2AF256B58DF0018D151 /* Sources */ = {
			isa = PBXSourcesBuildPhase;
			buildActionMask = 2147483647;
			files = (
				B0A3D2B8256B58DF0018D151 /* WashingUITests.m in Sources */,
			);
			runOnlyForDeploymentPostprocessing = 0;
		};
/* End PBXSourcesBuildPhase section */

/* Begin PBXTargetDependency section */
		B0A3D2AA256B58DF0018D151 /* PBXTargetDependency */ = {
			isa = PBXTargetDependency;
			target = B0A3D28C256B58D70018D151 /* Washing */;
			targetProxy = B0A3D2A9256B58DF0018D151 /* PBXContainerItemProxy */;
		};
		B0A3D2B5256B58DF0018D151 /* PBXTargetDependency */ = {
			isa = PBXTargetDependency;
			target = B0A3D28C256B58D70018D151 /* Washing */;
			targetProxy = B0A3D2B4256B58DF0018D151 /* PBXContainerItemProxy */;
		};
/* End PBXTargetDependency section */

/* Begin PBXVariantGroup section */
		B0A3D299256B58D70018D151 /* Main.storyboard */ = {
			isa = PBXVariantGroup;
			children = (
				B0A3D29A256B58D70018D151 /* Base */,
			);
			name = Main.storyboard;
			sourceTree = "<group>";
		};
		B0A3D29E256B58DF0018D151 /* LaunchScreen.storyboard */ = {
			isa = PBXVariantGroup;
			children = (
				B0A3D29F256B58DF0018D151 /* Base */,
			);
			name = LaunchScreen.storyboard;
			sourceTree = "<group>";
		};
/* End PBXVariantGroup section */

/* Begin XCBuildConfiguration section */
		B0A3D2BA256B58DF0018D151 /* Debug */ = {
			isa = XCBuildConfiguration;
			buildSettings = {
				ALWAYS_SEARCH_USER_PATHS = NO;
				CLANG_ANALYZER_NONNULL = YES;
				CLANG_ANALYZER_NUMBER_OBJECT_CONVERSION = YES_AGGRESSIVE;
				CLANG_CXX_LANGUAGE_STANDARD = "gnu++14";
				CLANG_CXX_LIBRARY = "libc++";
				CLANG_ENABLE_MODULES = YES;
				CLANG_ENABLE_OBJC_ARC = YES;
				CLANG_ENABLE_OBJC_WEAK = YES;
				CLANG_WARN_BLOCK_CAPTURE_AUTORELEASING = YES;
				CLANG_WARN_BOOL_CONVERSION = YES;
				CLANG_WARN_COMMA = YES;
				CLANG_WARN_CONSTANT_CONVERSION = YES;
				CLANG_WARN_DEPRECATED_OBJC_IMPLEMENTATIONS = YES;
				CLANG_WARN_DIRECT_OBJC_ISA_USAGE = YES_ERROR;
				CLANG_WARN_DOCUMENTATION_COMMENTS = YES;
				CLANG_WARN_EMPTY_BODY = YES;
				CLANG_WARN_ENUM_CONVERSION = YES;
				CLANG_WARN_INFINITE_RECURSION = YES;
				CLANG_WARN_INT_CONVERSION = YES;
				CLANG_WARN_NON_LITERAL_NULL_CONVERSION = YES;
				CLANG_WARN_OBJC_IMPLICIT_RETAIN_SELF = YES;
				CLANG_WARN_OBJC_LITERAL_CONVERSION = YES;
				CLANG_WARN_OBJC_ROOT_CLASS = YES_ERROR;
				CLANG_WARN_RANGE_LOOP_ANALYSIS = YES;
				CLANG_WARN_STRICT_PROTOTYPES = YES;
				CLANG_WARN_SUSPICIOUS_MOVE = YES;
				CLANG_WARN_UNGUARDED_AVAILABILITY = YES_AGGRESSIVE;
				CLANG_WARN_UNREACHABLE_CODE = YES;
				CLANG_WARN__DUPLICATE_METHOD_MATCH = YES;
				COPY_PHASE_STRIP = NO;
				DEBUG_INFORMATION_FORMAT = dwarf;
				ENABLE_STRICT_OBJC_MSGSEND = YES;
				ENABLE_TESTABILITY = YES;
				GCC_C_LANGUAGE_STANDARD = gnu11;
				GCC_DYNAMIC_NO_PIC = NO;
				GCC_NO_COMMON_BLOCKS = YES;
				GCC_OPTIMIZATION_LEVEL = 0;
				GCC_PREPROCESSOR_DEFINITIONS = (
					"DEBUG=1",
					"$(inherited)",
				);
				GCC_WARN_64_TO_32_BIT_CONVERSION = YES;
				GCC_WARN_ABOUT_RETURN_TYPE = YES_ERROR;
				GCC_WARN_UNDECLARED_SELECTOR = YES;
				GCC_WARN_UNINITIALIZED_AUTOS = YES_AGGRESSIVE;
				GCC_WARN_UNUSED_FUNCTION = YES;
				GCC_WARN_UNUSED_VARIABLE = YES;
				IPHONEOS_DEPLOYMENT_TARGET = 13.5;
				MTL_ENABLE_DEBUG_INFO = INCLUDE_SOURCE;
				MTL_FAST_MATH = YES;
				ONLY_ACTIVE_ARCH = YES;
				SDKROOT = iphoneos;
			};
			name = Debug;
		};
		B0A3D2BB256B58DF0018D151 /* Release */ = {
			isa = XCBuildConfiguration;
			buildSettings = {
				ALWAYS_SEARCH_USER_PATHS = NO;
				CLANG_ANALYZER_NONNULL = YES;
				CLANG_ANALYZER_NUMBER_OBJECT_CONVERSION = YES_AGGRESSIVE;
				CLANG_CXX_LANGUAGE_STANDARD = "gnu++14";
				CLANG_CXX_LIBRARY = "libc++";
				CLANG_ENABLE_MODULES = YES;
				CLANG_ENABLE_OBJC_ARC = YES;
				CLANG_ENABLE_OBJC_WEAK = YES;
				CLANG_WARN_BLOCK_CAPTURE_AUTORELEASING = YES;
				CLANG_WARN_BOOL_CONVERSION = YES;
				CLANG_WARN_COMMA = YES;
				CLANG_WARN_CONSTANT_CONVERSION = YES;
				CLANG_WARN_DEPRECATED_OBJC_IMPLEMENTATIONS = YES;
				CLANG_WARN_DIRECT_OBJC_ISA_USAGE = YES_ERROR;
				CLANG_WARN_DOCUMENTATION_COMMENTS = YES;
				CLANG_WARN_EMPTY_BODY = YES;
				CLANG_WARN_ENUM_CONVERSION = YES;
				CLANG_WARN_INFINITE_RECURSION = YES;
				CLANG_WARN_INT_CONVERSION = YES;
				CLANG_WARN_NON_LITERAL_NULL_CONVERSION = YES;
				CLANG_WARN_OBJC_IMPLICIT_RETAIN_SELF = YES;
				CLANG_WARN_OBJC_LITERAL_CONVERSION = YES;
				CLANG_WARN_OBJC_ROOT_CLASS = YES_ERROR;
				CLANG_WARN_RANGE_LOOP_ANALYSIS = YES;
				CLANG_WARN_STRICT_PROTOTYPES = YES;
				CLANG_WARN_SUSPICIOUS_MOVE = YES;
				CLANG_WARN_UNGUARDED_AVAILABILITY = YES_AGGRESSIVE;
				CLANG_WARN_UNREACHABLE_CODE = YES;
				CLANG_WARN__DUPLICATE_METHOD_MATCH = YES;
				COPY_PHASE_STRIP = NO;
				DEBUG_INFORMATION_FORMAT = "dwarf-with-dsym";
				ENABLE_NS_ASSERTIONS = NO;
				ENABLE_STRICT_OBJC_MSGSEND = YES;
				GCC_C_LANGUAGE_STANDARD = gnu11;
				GCC_NO_COMMON_BLOCKS = YES;
				GCC_WARN_64_TO_32_BIT_CONVERSION = YES;
				GCC_WARN_ABOUT_RETURN_TYPE = YES_ERROR;
				GCC_WARN_UNDECLARED_SELECTOR = YES;
				GCC_WARN_UNINITIALIZED_AUTOS = YES_AGGRESSIVE;
				GCC_WARN_UNUSED_FUNCTION = YES;
				GCC_WARN_UNUSED_VARIABLE = YES;
				IPHONEOS_DEPLOYMENT_TARGET = 13.5;
				MTL_ENABLE_DEBUG_INFO = NO;
				MTL_FAST_MATH = YES;
				SDKROOT = iphoneos;
				VALIDATE_PRODUCT = YES;
			};
			name = Release;
		};
		B0A3D2BD256B58DF0018D151 /* Debug */ = {
			isa = XCBuildConfiguration;
			baseConfigurationReference = 0ACBA56FC0560A69A942BE47 /* Pods-Washing.debug.xcconfig */;
			buildSettings = {
				ASSETCATALOG_COMPILER_APPICON_NAME = AppIcon;
				CODE_SIGN_STYLE = Automatic;
				DEVELOPMENT_TEAM = 4GSVT8QAAY;
				INFOPLIST_FILE = Washing/Info.plist;
				IPHONEOS_DEPLOYMENT_TARGET = 10.0;
				LD_RUNPATH_SEARCH_PATHS = (
					"$(inherited)",
					"@executable_path/Frameworks",
				);
				PRODUCT_BUNDLE_IDENTIFIER = tuyennq.Washing;
				PRODUCT_NAME = "$(TARGET_NAME)";
				TARGETED_DEVICE_FAMILY = "1,2";
			};
			name = Debug;
		};
		B0A3D2BE256B58DF0018D151 /* Release */ = {
			isa = XCBuildConfiguration;
			baseConfigurationReference = 8798AC09CA272098CBE10AC8 /* Pods-Washing.release.xcconfig */;
			buildSettings = {
				ASSETCATALOG_COMPILER_APPICON_NAME = AppIcon;
				CODE_SIGN_STYLE = Automatic;
				DEVELOPMENT_TEAM = 4GSVT8QAAY;
				INFOPLIST_FILE = Washing/Info.plist;
				IPHONEOS_DEPLOYMENT_TARGET = 10.0;
				LD_RUNPATH_SEARCH_PATHS = (
					"$(inherited)",
					"@executable_path/Frameworks",
				);
				PRODUCT_BUNDLE_IDENTIFIER = tuyennq.Washing;
				PRODUCT_NAME = "$(TARGET_NAME)";
				TARGETED_DEVICE_FAMILY = "1,2";
			};
			name = Release;
		};
		B0A3D2C0256B58DF0018D151 /* Debug */ = {
			isa = XCBuildConfiguration;
			baseConfigurationReference = 891A20ED8396BF3FEFAC2E08 /* Pods-WashingTests.debug.xcconfig */;
			buildSettings = {
				BUNDLE_LOADER = "$(TEST_HOST)";
				CODE_SIGN_STYLE = Automatic;
				DEVELOPMENT_TEAM = 4GSVT8QAAY;
				INFOPLIST_FILE = WashingTests/Info.plist;
				IPHONEOS_DEPLOYMENT_TARGET = 13.5;
				LD_RUNPATH_SEARCH_PATHS = (
					"$(inherited)",
					"@executable_path/Frameworks",
					"@loader_path/Frameworks",
				);
				PRODUCT_BUNDLE_IDENTIFIER = tuyennq.WashingTests;
				PRODUCT_NAME = "$(TARGET_NAME)";
				TARGETED_DEVICE_FAMILY = "1,2";
				TEST_HOST = "$(BUILT_PRODUCTS_DIR)/Washing.app/Washing";
			};
			name = Debug;
		};
		B0A3D2C1256B58DF0018D151 /* Release */ = {
			isa = XCBuildConfiguration;
			baseConfigurationReference = 762BA68AF8F4B0D3D7E05FD8 /* Pods-WashingTests.release.xcconfig */;
			buildSettings = {
				BUNDLE_LOADER = "$(TEST_HOST)";
				CODE_SIGN_STYLE = Automatic;
				DEVELOPMENT_TEAM = 4GSVT8QAAY;
				INFOPLIST_FILE = WashingTests/Info.plist;
				IPHONEOS_DEPLOYMENT_TARGET = 13.5;
				LD_RUNPATH_SEARCH_PATHS = (
					"$(inherited)",
					"@executable_path/Frameworks",
					"@loader_path/Frameworks",
				);
				PRODUCT_BUNDLE_IDENTIFIER = tuyennq.WashingTests;
				PRODUCT_NAME = "$(TARGET_NAME)";
				TARGETED_DEVICE_FAMILY = "1,2";
				TEST_HOST = "$(BUILT_PRODUCTS_DIR)/Washing.app/Washing";
			};
			name = Release;
		};
		B0A3D2C3256B58DF0018D151 /* Debug */ = {
			isa = XCBuildConfiguration;
			baseConfigurationReference = 3F1250CC03AE120E885A207A /* Pods-Washing-WashingUITests.debug.xcconfig */;
			buildSettings = {
				CODE_SIGN_STYLE = Automatic;
				DEVELOPMENT_TEAM = 4GSVT8QAAY;
				INFOPLIST_FILE = WashingUITests/Info.plist;
				LD_RUNPATH_SEARCH_PATHS = (
					"$(inherited)",
					"@executable_path/Frameworks",
					"@loader_path/Frameworks",
				);
				PRODUCT_BUNDLE_IDENTIFIER = tuyennq.WashingUITests;
				PRODUCT_NAME = "$(TARGET_NAME)";
				TARGETED_DEVICE_FAMILY = "1,2";
				TEST_TARGET_NAME = Washing;
			};
			name = Debug;
		};
		B0A3D2C4256B58DF0018D151 /* Release */ = {
			isa = XCBuildConfiguration;
			baseConfigurationReference = 55E00271AEB395BF0A00AAE3 /* Pods-Washing-WashingUITests.release.xcconfig */;
			buildSettings = {
				CODE_SIGN_STYLE = Automatic;
				DEVELOPMENT_TEAM = 4GSVT8QAAY;
				INFOPLIST_FILE = WashingUITests/Info.plist;
				LD_RUNPATH_SEARCH_PATHS = (
					"$(inherited)",
					"@executable_path/Frameworks",
					"@loader_path/Frameworks",
				);
				PRODUCT_BUNDLE_IDENTIFIER = tuyennq.WashingUITests;
				PRODUCT_NAME = "$(TARGET_NAME)";
				TARGETED_DEVICE_FAMILY = "1,2";
				TEST_TARGET_NAME = Washing;
			};
			name = Release;
		};
/* End XCBuildConfiguration section */

/* Begin XCConfigurationList section */
		B0A3D288256B58D70018D151 /* Build configuration list for PBXProject "Washing" */ = {
			isa = XCConfigurationList;
			buildConfigurations = (
				B0A3D2BA256B58DF0018D151 /* Debug */,
				B0A3D2BB256B58DF0018D151 /* Release */,
			);
			defaultConfigurationIsVisible = 0;
			defaultConfigurationName = Release;
		};
		B0A3D2BC256B58DF0018D151 /* Build configuration list for PBXNativeTarget "Washing" */ = {
			isa = XCConfigurationList;
			buildConfigurations = (
				B0A3D2BD256B58DF0018D151 /* Debug */,
				B0A3D2BE256B58DF0018D151 /* Release */,
			);
			defaultConfigurationIsVisible = 0;
			defaultConfigurationName = Release;
		};
		B0A3D2BF256B58DF0018D151 /* Build configuration list for PBXNativeTarget "WashingTests" */ = {
			isa = XCConfigurationList;
			buildConfigurations = (
				B0A3D2C0256B58DF0018D151 /* Debug */,
				B0A3D2C1256B58DF0018D151 /* Release */,
			);
			defaultConfigurationIsVisible = 0;
			defaultConfigurationName = Release;
		};
		B0A3D2C2256B58DF0018D151 /* Build configuration list for PBXNativeTarget "WashingUITests" */ = {
			isa = XCConfigurationList;
			buildConfigurations = (
				B0A3D2C3256B58DF0018D151 /* Debug */,
				B0A3D2C4256B58DF0018D151 /* Release */,
			);
			defaultConfigurationIsVisible = 0;
			defaultConfigurationName = Release;
		};
/* End XCConfigurationList section */
	};
	rootObject = B0A3D285256B58D70018D151 /* Project object */;
}
